// !$*UTF8*$!
{
	archiveVersion = 1;
	classes = {
	};
	objectVersion = 50;
	objects = {

/* Begin PBXBuildFile section */
		0814CD8F2352BACB008646D2 /* charleyrivers.jpg in Resources */ = {isa = PBXBuildFile; fileRef = 0814CD8E2352BACB008646D2 /* charleyrivers.jpg */; };
		0814CD912352BD5B008646D2 /* UserData.swift in Sources */ = {isa = PBXBuildFile; fileRef = 0814CD902352BD5B008646D2 /* UserData.swift */; };
		0838A5152352F683003EB994 /* GroupCard.swift in Sources */ = {isa = PBXBuildFile; fileRef = 0838A5142352F683003EB994 /* GroupCard.swift */; };
		0838A5172352F81C003EB994 /* Group.swift in Sources */ = {isa = PBXBuildFile; fileRef = 0838A5162352F81C003EB994 /* Group.swift */; };
		0838A5192352F8BE003EB994 /* groups.json in Resources */ = {isa = PBXBuildFile; fileRef = 0838A5182352F8BE003EB994 /* groups.json */; };
		08A299612353CF4800C76976 /* GroupRow.swift in Sources */ = {isa = PBXBuildFile; fileRef = 08A299602353CF4800C76976 /* GroupRow.swift */; };
		08A299632353CFDE00C76976 /* GroupList.swift in Sources */ = {isa = PBXBuildFile; fileRef = 08A299622353CFDE00C76976 /* GroupList.swift */; };
		08A299652353E5E500C76976 /* CreateNewGroupView.swift in Sources */ = {isa = PBXBuildFile; fileRef = 08A299642353E5E500C76976 /* CreateNewGroupView.swift */; };
		08A299672353E85000C76976 /* MultipleSelectionRow.swift in Sources */ = {isa = PBXBuildFile; fileRef = 08A299662353E85000C76976 /* MultipleSelectionRow.swift */; };
		08C51690234AA1BF0060855E /* CircleImage.swift in Sources */ = {isa = PBXBuildFile; fileRef = 08C5168F234AA1BF0060855E /* CircleImage.swift */; };
		08C51696234AA33A0060855E /* MapView.swift in Sources */ = {isa = PBXBuildFile; fileRef = 08C51695234AA33A0060855E /* MapView.swift */; };
		08C51699234AA6A00060855E /* Landmark.swift in Sources */ = {isa = PBXBuildFile; fileRef = 08C51698234AA6A00060855E /* Landmark.swift */; };
		08C5169D234AA9040060855E /* Data.swift in Sources */ = {isa = PBXBuildFile; fileRef = 08C5169C234AA9040060855E /* Data.swift */; };
		08C5169F234AAA0A0060855E /* LandmarkRow.swift in Sources */ = {isa = PBXBuildFile; fileRef = 08C5169E234AAA0A0060855E /* LandmarkRow.swift */; };
		08C516A1234AAA800060855E /* LandmarksPage.swift in Sources */ = {isa = PBXBuildFile; fileRef = 08C516A0234AAA800060855E /* LandmarksPage.swift */; };
		08C516B0234AAC120060855E /* twinlake.jpg in Resources */ = {isa = PBXBuildFile; fileRef = 08C516A3234AAC110060855E /* twinlake.jpg */; };
		08C516B1234AAC120060855E /* umbagog.jpg in Resources */ = {isa = PBXBuildFile; fileRef = 08C516A4234AAC110060855E /* umbagog.jpg */; };
		08C516B2234AAC120060855E /* hiddenlake.jpg in Resources */ = {isa = PBXBuildFile; fileRef = 08C516A5234AAC110060855E /* hiddenlake.jpg */; };
		08C516B3234AAC120060855E /* chilkoottrail.jpg in Resources */ = {isa = PBXBuildFile; fileRef = 08C516A6234AAC110060855E /* chilkoottrail.jpg */; };
		08C516B4234AAC120060855E /* silversalmoncreek.jpg in Resources */ = {isa = PBXBuildFile; fileRef = 08C516A7234AAC110060855E /* silversalmoncreek.jpg */; };
		08C516B5234AAC120060855E /* stmarylake.jpg in Resources */ = {isa = PBXBuildFile; fileRef = 08C516A8234AAC110060855E /* stmarylake.jpg */; };
		08C516B6234AAC120060855E /* icybay.jpg in Resources */ = {isa = PBXBuildFile; fileRef = 08C516A9234AAC110060855E /* icybay.jpg */; };
		08C516B7234AAC120060855E /* yukon_charleyrivers.jpg in Resources */ = {isa = PBXBuildFile; fileRef = 08C516AA234AAC110060855E /* yukon_charleyrivers.jpg */; };
		08C516B8234AAC120060855E /* landmarkData.json in Resources */ = {isa = PBXBuildFile; fileRef = 08C516AB234AAC110060855E /* landmarkData.json */; };
		08C516B9234AAC120060855E /* chincoteague.jpg in Resources */ = {isa = PBXBuildFile; fileRef = 08C516AC234AAC110060855E /* chincoteague.jpg */; };
		08C516BA234AAC120060855E /* lakemcdonald.jpg in Resources */ = {isa = PBXBuildFile; fileRef = 08C516AD234AAC110060855E /* lakemcdonald.jpg */; };
		08C516BB234AAC120060855E /* rainbowlake.jpg in Resources */ = {isa = PBXBuildFile; fileRef = 08C516AE234AAC110060855E /* rainbowlake.jpg */; };
		08C516BC234AAC120060855E /* turtlerock.jpg in Resources */ = {isa = PBXBuildFile; fileRef = 08C516AF234AAC110060855E /* turtlerock.jpg */; };
		08E344C22352C005003951A2 /* Favorite.swift in Sources */ = {isa = PBXBuildFile; fileRef = 08E344C12352C005003951A2 /* Favorite.swift */; };
		08E344C42352C9BD003951A2 /* App.swift in Sources */ = {isa = PBXBuildFile; fileRef = 08E344C32352C9BD003951A2 /* App.swift */; };
		08E344C82352D303003951A2 /* banff.jpg in Resources */ = {isa = PBXBuildFile; fileRef = 08E344C52352D303003951A2 /* banff.jpg */; };
		08E344C92352D303003951A2 /* lakelouise.jpg in Resources */ = {isa = PBXBuildFile; fileRef = 08E344C62352D303003951A2 /* lakelouise.jpg */; };
		08E344CA2352D303003951A2 /* waterton.jpg in Resources */ = {isa = PBXBuildFile; fileRef = 08E344C72352D303003951A2 /* waterton.jpg */; };
		08E344CC2352DA6A003951A2 /* GroupsPage.swift in Sources */ = {isa = PBXBuildFile; fileRef = 08E344CB2352DA6A003951A2 /* GroupsPage.swift */; };
		08F7E9EB234531C200BD0B86 /* AppDelegate.swift in Sources */ = {isa = PBXBuildFile; fileRef = 08F7E9EA234531C200BD0B86 /* AppDelegate.swift */; };
		08F7E9ED234531C200BD0B86 /* SceneDelegate.swift in Sources */ = {isa = PBXBuildFile; fileRef = 08F7E9EC234531C200BD0B86 /* SceneDelegate.swift */; };
		08F7E9F0234531C200BD0B86 /* Landmarks.xcdatamodeld in Sources */ = {isa = PBXBuildFile; fileRef = 08F7E9EE234531C200BD0B86 /* Landmarks.xcdatamodeld */; };
		08F7E9F2234531C200BD0B86 /* LandmarkDetailsPage.swift in Sources */ = {isa = PBXBuildFile; fileRef = 08F7E9F1234531C200BD0B86 /* LandmarkDetailsPage.swift */; };
		08F7E9F4234531C500BD0B86 /* Assets.xcassets in Resources */ = {isa = PBXBuildFile; fileRef = 08F7E9F3234531C500BD0B86 /* Assets.xcassets */; };
		08F7E9F7234531C500BD0B86 /* Preview Assets.xcassets in Resources */ = {isa = PBXBuildFile; fileRef = 08F7E9F6234531C500BD0B86 /* Preview Assets.xcassets */; };
		08F7E9FA234531C500BD0B86 /* LaunchScreen.storyboard in Resources */ = {isa = PBXBuildFile; fileRef = 08F7E9F8234531C500BD0B86 /* LaunchScreen.storyboard */; };
		08F7EA05234531C500BD0B86 /* LandmarksTests.swift in Sources */ = {isa = PBXBuildFile; fileRef = 08F7EA04234531C500BD0B86 /* LandmarksTests.swift */; };
		08F7EA10234531C500BD0B86 /* LandmarksUITests.swift in Sources */ = {isa = PBXBuildFile; fileRef = 08F7EA0F234531C500BD0B86 /* LandmarksUITests.swift */; };
/* End PBXBuildFile section */

/* Begin PBXContainerItemProxy section */
		08F7EA01234531C500BD0B86 /* PBXContainerItemProxy */ = {
			isa = PBXContainerItemProxy;
			containerPortal = 08F7E9DF234531C200BD0B86 /* Project object */;
			proxyType = 1;
			remoteGlobalIDString = 08F7E9E6234531C200BD0B86;
			remoteInfo = Landmarks;
		};
		08F7EA0C234531C500BD0B86 /* PBXContainerItemProxy */ = {
			isa = PBXContainerItemProxy;
			containerPortal = 08F7E9DF234531C200BD0B86 /* Project object */;
			proxyType = 1;
			remoteGlobalIDString = 08F7E9E6234531C200BD0B86;
			remoteInfo = Landmarks;
		};
/* End PBXContainerItemProxy section */

/* Begin PBXFileReference section */
		0814CD8E2352BACB008646D2 /* charleyrivers.jpg */ = {isa = PBXFileReference; lastKnownFileType = image.jpeg; path = charleyrivers.jpg; sourceTree = "<group>"; };
		0814CD902352BD5B008646D2 /* UserData.swift */ = {isa = PBXFileReference; lastKnownFileType = sourcecode.swift; path = UserData.swift; sourceTree = "<group>"; };
		0838A5142352F683003EB994 /* GroupCard.swift */ = {isa = PBXFileReference; lastKnownFileType = sourcecode.swift; path = GroupCard.swift; sourceTree = "<group>"; };
		0838A5162352F81C003EB994 /* Group.swift */ = {isa = PBXFileReference; lastKnownFileType = sourcecode.swift; path = Group.swift; sourceTree = "<group>"; };
		0838A5182352F8BE003EB994 /* groups.json */ = {isa = PBXFileReference; lastKnownFileType = text.json; path = groups.json; sourceTree = "<group>"; };
		08A299602353CF4800C76976 /* GroupRow.swift */ = {isa = PBXFileReference; lastKnownFileType = sourcecode.swift; path = GroupRow.swift; sourceTree = "<group>"; };
		08A299622353CFDE00C76976 /* GroupList.swift */ = {isa = PBXFileReference; lastKnownFileType = sourcecode.swift; path = GroupList.swift; sourceTree = "<group>"; };
		08A299642353E5E500C76976 /* CreateNewGroupView.swift */ = {isa = PBXFileReference; lastKnownFileType = sourcecode.swift; path = CreateNewGroupView.swift; sourceTree = "<group>"; };
		08A299662353E85000C76976 /* MultipleSelectionRow.swift */ = {isa = PBXFileReference; lastKnownFileType = sourcecode.swift; path = MultipleSelectionRow.swift; sourceTree = "<group>"; };
		08C5168F234AA1BF0060855E /* CircleImage.swift */ = {isa = PBXFileReference; lastKnownFileType = sourcecode.swift; path = CircleImage.swift; sourceTree = "<group>"; };
		08C51695234AA33A0060855E /* MapView.swift */ = {isa = PBXFileReference; lastKnownFileType = sourcecode.swift; path = MapView.swift; sourceTree = "<group>"; };
		08C51698234AA6A00060855E /* Landmark.swift */ = {isa = PBXFileReference; lastKnownFileType = sourcecode.swift; path = Landmark.swift; sourceTree = "<group>"; };
		08C5169C234AA9040060855E /* Data.swift */ = {isa = PBXFileReference; lastKnownFileType = sourcecode.swift; path = Data.swift; sourceTree = "<group>"; };
		08C5169E234AAA0A0060855E /* LandmarkRow.swift */ = {isa = PBXFileReference; lastKnownFileType = sourcecode.swift; path = LandmarkRow.swift; sourceTree = "<group>"; };
		08C516A0234AAA800060855E /* LandmarksPage.swift */ = {isa = PBXFileReference; lastKnownFileType = sourcecode.swift; path = LandmarksPage.swift; sourceTree = "<group>"; };
		08C516A3234AAC110060855E /* twinlake.jpg */ = {isa = PBXFileReference; lastKnownFileType = image.jpeg; path = twinlake.jpg; sourceTree = "<group>"; };
		08C516A4234AAC110060855E /* umbagog.jpg */ = {isa = PBXFileReference; lastKnownFileType = image.jpeg; path = umbagog.jpg; sourceTree = "<group>"; };
		08C516A5234AAC110060855E /* hiddenlake.jpg */ = {isa = PBXFileReference; lastKnownFileType = image.jpeg; path = hiddenlake.jpg; sourceTree = "<group>"; };
		08C516A6234AAC110060855E /* chilkoottrail.jpg */ = {isa = PBXFileReference; lastKnownFileType = image.jpeg; path = chilkoottrail.jpg; sourceTree = "<group>"; };
		08C516A7234AAC110060855E /* silversalmoncreek.jpg */ = {isa = PBXFileReference; lastKnownFileType = image.jpeg; path = silversalmoncreek.jpg; sourceTree = "<group>"; };
		08C516A8234AAC110060855E /* stmarylake.jpg */ = {isa = PBXFileReference; lastKnownFileType = image.jpeg; path = stmarylake.jpg; sourceTree = "<group>"; };
		08C516A9234AAC110060855E /* icybay.jpg */ = {isa = PBXFileReference; lastKnownFileType = image.jpeg; path = icybay.jpg; sourceTree = "<group>"; };
		08C516AA234AAC110060855E /* yukon_charleyrivers.jpg */ = {isa = PBXFileReference; lastKnownFileType = image.jpeg; path = yukon_charleyrivers.jpg; sourceTree = "<group>"; };
		08C516AB234AAC110060855E /* landmarkData.json */ = {isa = PBXFileReference; fileEncoding = 4; lastKnownFileType = text.json; path = landmarkData.json; sourceTree = "<group>"; };
		08C516AC234AAC110060855E /* chincoteague.jpg */ = {isa = PBXFileReference; lastKnownFileType = image.jpeg; path = chincoteague.jpg; sourceTree = "<group>"; };
		08C516AD234AAC110060855E /* lakemcdonald.jpg */ = {isa = PBXFileReference; lastKnownFileType = image.jpeg; path = lakemcdonald.jpg; sourceTree = "<group>"; };
		08C516AE234AAC110060855E /* rainbowlake.jpg */ = {isa = PBXFileReference; lastKnownFileType = image.jpeg; path = rainbowlake.jpg; sourceTree = "<group>"; };
		08C516AF234AAC110060855E /* turtlerock.jpg */ = {isa = PBXFileReference; lastKnownFileType = image.jpeg; path = turtlerock.jpg; sourceTree = "<group>"; };
		08E344C12352C005003951A2 /* Favorite.swift */ = {isa = PBXFileReference; lastKnownFileType = sourcecode.swift; path = Favorite.swift; sourceTree = "<group>"; };
		08E344C32352C9BD003951A2 /* App.swift */ = {isa = PBXFileReference; lastKnownFileType = sourcecode.swift; path = App.swift; sourceTree = "<group>"; };
		08E344C52352D303003951A2 /* banff.jpg */ = {isa = PBXFileReference; lastKnownFileType = image.jpeg; path = banff.jpg; sourceTree = "<group>"; };
		08E344C62352D303003951A2 /* lakelouise.jpg */ = {isa = PBXFileReference; lastKnownFileType = image.jpeg; path = lakelouise.jpg; sourceTree = "<group>"; };
		08E344C72352D303003951A2 /* waterton.jpg */ = {isa = PBXFileReference; lastKnownFileType = image.jpeg; path = waterton.jpg; sourceTree = "<group>"; };
		08E344CB2352DA6A003951A2 /* GroupsPage.swift */ = {isa = PBXFileReference; lastKnownFileType = sourcecode.swift; path = GroupsPage.swift; sourceTree = "<group>"; };
		08F7E9E7234531C200BD0B86 /* Landmarks.app */ = {isa = PBXFileReference; explicitFileType = wrapper.application; includeInIndex = 0; path = Landmarks.app; sourceTree = BUILT_PRODUCTS_DIR; };
		08F7E9EA234531C200BD0B86 /* AppDelegate.swift */ = {isa = PBXFileReference; lastKnownFileType = sourcecode.swift; path = AppDelegate.swift; sourceTree = "<group>"; };
		08F7E9EC234531C200BD0B86 /* SceneDelegate.swift */ = {isa = PBXFileReference; lastKnownFileType = sourcecode.swift; path = SceneDelegate.swift; sourceTree = "<group>"; };
		08F7E9EF234531C200BD0B86 /* Landmarks.xcdatamodel */ = {isa = PBXFileReference; lastKnownFileType = wrapper.xcdatamodel; path = Landmarks.xcdatamodel; sourceTree = "<group>"; };
		08F7E9F1234531C200BD0B86 /* LandmarkDetailsPage.swift */ = {isa = PBXFileReference; lastKnownFileType = sourcecode.swift; path = LandmarkDetailsPage.swift; sourceTree = "<group>"; };
		08F7E9F3234531C500BD0B86 /* Assets.xcassets */ = {isa = PBXFileReference; lastKnownFileType = folder.assetcatalog; path = Assets.xcassets; sourceTree = "<group>"; };
		08F7E9F6234531C500BD0B86 /* Preview Assets.xcassets */ = {isa = PBXFileReference; lastKnownFileType = folder.assetcatalog; path = "Preview Assets.xcassets"; sourceTree = "<group>"; };
		08F7E9F9234531C500BD0B86 /* Base */ = {isa = PBXFileReference; lastKnownFileType = file.storyboard; name = Base; path = Base.lproj/LaunchScreen.storyboard; sourceTree = "<group>"; };
		08F7E9FB234531C500BD0B86 /* Info.plist */ = {isa = PBXFileReference; lastKnownFileType = text.plist.xml; path = Info.plist; sourceTree = "<group>"; };
		08F7EA00234531C500BD0B86 /* LandmarksTests.xctest */ = {isa = PBXFileReference; explicitFileType = wrapper.cfbundle; includeInIndex = 0; path = LandmarksTests.xctest; sourceTree = BUILT_PRODUCTS_DIR; };
		08F7EA04234531C500BD0B86 /* LandmarksTests.swift */ = {isa = PBXFileReference; lastKnownFileType = sourcecode.swift; path = LandmarksTests.swift; sourceTree = "<group>"; };
		08F7EA06234531C500BD0B86 /* Info.plist */ = {isa = PBXFileReference; lastKnownFileType = text.plist.xml; path = Info.plist; sourceTree = "<group>"; };
		08F7EA0B234531C500BD0B86 /* LandmarksUITests.xctest */ = {isa = PBXFileReference; explicitFileType = wrapper.cfbundle; includeInIndex = 0; path = LandmarksUITests.xctest; sourceTree = BUILT_PRODUCTS_DIR; };
		08F7EA0F234531C500BD0B86 /* LandmarksUITests.swift */ = {isa = PBXFileReference; lastKnownFileType = sourcecode.swift; path = LandmarksUITests.swift; sourceTree = "<group>"; };
		08F7EA11234531C500BD0B86 /* Info.plist */ = {isa = PBXFileReference; lastKnownFileType = text.plist.xml; path = Info.plist; sourceTree = "<group>"; };
/* End PBXFileReference section */

/* Begin PBXFrameworksBuildPhase section */
		08F7E9E4234531C200BD0B86 /* Frameworks */ = {
			isa = PBXFrameworksBuildPhase;
			buildActionMask = 2147483647;
			files = (
			);
			runOnlyForDeploymentPostprocessing = 0;
		};
		08F7E9FD234531C500BD0B86 /* Frameworks */ = {
			isa = PBXFrameworksBuildPhase;
			buildActionMask = 2147483647;
			files = (
			);
			runOnlyForDeploymentPostprocessing = 0;
		};
		08F7EA08234531C500BD0B86 /* Frameworks */ = {
			isa = PBXFrameworksBuildPhase;
			buildActionMask = 2147483647;
			files = (
			);
			runOnlyForDeploymentPostprocessing = 0;
		};
/* End PBXFrameworksBuildPhase section */

/* Begin PBXGroup section */
		08C5168E234AA1B00060855E /* components */ = {
			isa = PBXGroup;
			children = (
				08C5168F234AA1BF0060855E /* CircleImage.swift */,
				08C51695234AA33A0060855E /* MapView.swift */,
				08C5169E234AAA0A0060855E /* LandmarkRow.swift */,
				08E344C12352C005003951A2 /* Favorite.swift */,
				0838A5142352F683003EB994 /* GroupCard.swift */,
				08A299602353CF4800C76976 /* GroupRow.swift */,
				08A299642353E5E500C76976 /* CreateNewGroupView.swift */,
				08A299662353E85000C76976 /* MultipleSelectionRow.swift */,
			);
			path = components;
			sourceTree = "<group>";
		};
		08C51697234AA68D0060855E /* models */ = {
			isa = PBXGroup;
			children = (
				08C51698234AA6A00060855E /* Landmark.swift */,
				08C5169C234AA9040060855E /* Data.swift */,
				0814CD902352BD5B008646D2 /* UserData.swift */,
				0838A5162352F81C003EB994 /* Group.swift */,
			);
			path = models;
			sourceTree = "<group>";
		};
		08C516A2234AABEA0060855E /* Resources */ = {
			isa = PBXGroup;
			children = (
				08E344C52352D303003951A2 /* banff.jpg */,
				08E344C62352D303003951A2 /* lakelouise.jpg */,
				08E344C72352D303003951A2 /* waterton.jpg */,
				0814CD8E2352BACB008646D2 /* charleyrivers.jpg */,
				08C516A6234AAC110060855E /* chilkoottrail.jpg */,
				08C516AC234AAC110060855E /* chincoteague.jpg */,
				08C516A5234AAC110060855E /* hiddenlake.jpg */,
				08C516A9234AAC110060855E /* icybay.jpg */,
				08C516AD234AAC110060855E /* lakemcdonald.jpg */,
				08C516AB234AAC110060855E /* landmarkData.json */,
				08C516AE234AAC110060855E /* rainbowlake.jpg */,
				08C516A7234AAC110060855E /* silversalmoncreek.jpg */,
				08C516A8234AAC110060855E /* stmarylake.jpg */,
				08C516AF234AAC110060855E /* turtlerock.jpg */,
				08C516A3234AAC110060855E /* twinlake.jpg */,
				08C516A4234AAC110060855E /* umbagog.jpg */,
				08C516AA234AAC110060855E /* yukon_charleyrivers.jpg */,
				0838A5182352F8BE003EB994 /* groups.json */,
			);
			path = Resources;
			sourceTree = "<group>";
		};
		08C516BD234AAE240060855E /* pages */ = {
			isa = PBXGroup;
			children = (
				08C516A0234AAA800060855E /* LandmarksPage.swift */,
				08F7E9F1234531C200BD0B86 /* LandmarkDetailsPage.swift */,
				08E344CB2352DA6A003951A2 /* GroupsPage.swift */,
				08A299622353CFDE00C76976 /* GroupList.swift */,
			);
			path = pages;
			sourceTree = "<group>";
		};
		08F7E9DE234531C200BD0B86 = {
			isa = PBXGroup;
			children = (
				08F7E9E9234531C200BD0B86 /* Landmarks */,
				08F7EA03234531C500BD0B86 /* LandmarksTests */,
				08F7EA0E234531C500BD0B86 /* LandmarksUITests */,
				08F7E9E8234531C200BD0B86 /* Products */,
			);
			sourceTree = "<group>";
		};
		08F7E9E8234531C200BD0B86 /* Products */ = {
			isa = PBXGroup;
			children = (
				08F7E9E7234531C200BD0B86 /* Landmarks.app */,
				08F7EA00234531C500BD0B86 /* LandmarksTests.xctest */,
				08F7EA0B234531C500BD0B86 /* LandmarksUITests.xctest */,
			);
			name = Products;
			sourceTree = "<group>";
		};
		08F7E9E9234531C200BD0B86 /* Landmarks */ = {
			isa = PBXGroup;
			children = (
				08C516BD234AAE240060855E /* pages */,
				08C5168E234AA1B00060855E /* components */,
				08C51697234AA68D0060855E /* models */,
				08C516A2234AABEA0060855E /* Resources */,
				08F7E9EA234531C200BD0B86 /* AppDelegate.swift */,
				08F7E9EC234531C200BD0B86 /* SceneDelegate.swift */,
				08E344C32352C9BD003951A2 /* App.swift */,
				08F7E9F3234531C500BD0B86 /* Assets.xcassets */,
				08F7E9F8234531C500BD0B86 /* LaunchScreen.storyboard */,
				08F7E9FB234531C500BD0B86 /* Info.plist */,
				08F7E9EE234531C200BD0B86 /* Landmarks.xcdatamodeld */,
				08F7E9F5234531C500BD0B86 /* Preview Content */,
			);
			path = Landmarks;
			sourceTree = "<group>";
		};
		08F7E9F5234531C500BD0B86 /* Preview Content */ = {
			isa = PBXGroup;
			children = (
				08F7E9F6234531C500BD0B86 /* Preview Assets.xcassets */,
			);
			path = "Preview Content";
			sourceTree = "<group>";
		};
		08F7EA03234531C500BD0B86 /* LandmarksTests */ = {
			isa = PBXGroup;
			children = (
				08F7EA04234531C500BD0B86 /* LandmarksTests.swift */,
				08F7EA06234531C500BD0B86 /* Info.plist */,
			);
			path = LandmarksTests;
			sourceTree = "<group>";
		};
		08F7EA0E234531C500BD0B86 /* LandmarksUITests */ = {
			isa = PBXGroup;
			children = (
				08F7EA0F234531C500BD0B86 /* LandmarksUITests.swift */,
				08F7EA11234531C500BD0B86 /* Info.plist */,
			);
			path = LandmarksUITests;
			sourceTree = "<group>";
		};
/* End PBXGroup section */

/* Begin PBXNativeTarget section */
		08F7E9E6234531C200BD0B86 /* Landmarks */ = {
			isa = PBXNativeTarget;
			buildConfigurationList = 08F7EA14234531C500BD0B86 /* Build configuration list for PBXNativeTarget "Landmarks" */;
			buildPhases = (
				08F7E9E3234531C200BD0B86 /* Sources */,
				08F7E9E4234531C200BD0B86 /* Frameworks */,
				08F7E9E5234531C200BD0B86 /* Resources */,
			);
			buildRules = (
			);
			dependencies = (
			);
			name = Landmarks;
			productName = Landmarks;
			productReference = 08F7E9E7234531C200BD0B86 /* Landmarks.app */;
			productType = "com.apple.product-type.application";
		};
		08F7E9FF234531C500BD0B86 /* LandmarksTests */ = {
			isa = PBXNativeTarget;
			buildConfigurationList = 08F7EA17234531C500BD0B86 /* Build configuration list for PBXNativeTarget "LandmarksTests" */;
			buildPhases = (
				08F7E9FC234531C500BD0B86 /* Sources */,
				08F7E9FD234531C500BD0B86 /* Frameworks */,
				08F7E9FE234531C500BD0B86 /* Resources */,
			);
			buildRules = (
			);
			dependencies = (
				08F7EA02234531C500BD0B86 /* PBXTargetDependency */,
			);
			name = LandmarksTests;
			productName = LandmarksTests;
			productReference = 08F7EA00234531C500BD0B86 /* LandmarksTests.xctest */;
			productType = "com.apple.product-type.bundle.unit-test";
		};
		08F7EA0A234531C500BD0B86 /* LandmarksUITests */ = {
			isa = PBXNativeTarget;
			buildConfigurationList = 08F7EA1A234531C500BD0B86 /* Build configuration list for PBXNativeTarget "LandmarksUITests" */;
			buildPhases = (
				08F7EA07234531C500BD0B86 /* Sources */,
				08F7EA08234531C500BD0B86 /* Frameworks */,
				08F7EA09234531C500BD0B86 /* Resources */,
			);
			buildRules = (
			);
			dependencies = (
				08F7EA0D234531C500BD0B86 /* PBXTargetDependency */,
			);
			name = LandmarksUITests;
			productName = LandmarksUITests;
			productReference = 08F7EA0B234531C500BD0B86 /* LandmarksUITests.xctest */;
			productType = "com.apple.product-type.bundle.ui-testing";
		};
/* End PBXNativeTarget section */

/* Begin PBXProject section */
		08F7E9DF234531C200BD0B86 /* Project object */ = {
			isa = PBXProject;
			attributes = {
				LastSwiftUpdateCheck = 1100;
				LastUpgradeCheck = 1100;
				ORGANIZATIONNAME = awave;
				TargetAttributes = {
					08F7E9E6234531C200BD0B86 = {
						CreatedOnToolsVersion = 11.0;
					};
					08F7E9FF234531C500BD0B86 = {
						CreatedOnToolsVersion = 11.0;
						TestTargetID = 08F7E9E6234531C200BD0B86;
					};
					08F7EA0A234531C500BD0B86 = {
						CreatedOnToolsVersion = 11.0;
						TestTargetID = 08F7E9E6234531C200BD0B86;
					};
				};
			};
			buildConfigurationList = 08F7E9E2234531C200BD0B86 /* Build configuration list for PBXProject "Landmarks" */;
			compatibilityVersion = "Xcode 9.3";
			developmentRegion = en;
			hasScannedForEncodings = 0;
			knownRegions = (
				en,
				Base,
			);
			mainGroup = 08F7E9DE234531C200BD0B86;
			productRefGroup = 08F7E9E8234531C200BD0B86 /* Products */;
			projectDirPath = "";
			projectRoot = "";
			targets = (
				08F7E9E6234531C200BD0B86 /* Landmarks */,
				08F7E9FF234531C500BD0B86 /* LandmarksTests */,
				08F7EA0A234531C500BD0B86 /* LandmarksUITests */,
			);
		};
/* End PBXProject section */

/* Begin PBXResourcesBuildPhase section */
		08F7E9E5234531C200BD0B86 /* Resources */ = {
			isa = PBXResourcesBuildPhase;
			buildActionMask = 2147483647;
			files = (
				08E344C92352D303003951A2 /* lakelouise.jpg in Resources */,
				08C516BA234AAC120060855E /* lakemcdonald.jpg in Resources */,
				08C516BB234AAC120060855E /* rainbowlake.jpg in Resources */,
				08E344CA2352D303003951A2 /* waterton.jpg in Resources */,
				08C516B5234AAC120060855E /* stmarylake.jpg in Resources */,
				08F7E9FA234531C500BD0B86 /* LaunchScreen.storyboard in Resources */,
				08F7E9F7234531C500BD0B86 /* Preview Assets.xcassets in Resources */,
				0838A5192352F8BE003EB994 /* groups.json in Resources */,
				08C516B3234AAC120060855E /* chilkoottrail.jpg in Resources */,
				08C516B0234AAC120060855E /* twinlake.jpg in Resources */,
				0814CD8F2352BACB008646D2 /* charleyrivers.jpg in Resources */,
				08C516B9234AAC120060855E /* chincoteague.jpg in Resources */,
				08E344C82352D303003951A2 /* banff.jpg in Resources */,
				08C516B8234AAC120060855E /* landmarkData.json in Resources */,
				08F7E9F4234531C500BD0B86 /* Assets.xcassets in Resources */,
				08C516B4234AAC120060855E /* silversalmoncreek.jpg in Resources */,
				08C516B7234AAC120060855E /* yukon_charleyrivers.jpg in Resources */,
				08C516BC234AAC120060855E /* turtlerock.jpg in Resources */,
				08C516B2234AAC120060855E /* hiddenlake.jpg in Resources */,
				08C516B6234AAC120060855E /* icybay.jpg in Resources */,
				08C516B1234AAC120060855E /* umbagog.jpg in Resources */,
			);
			runOnlyForDeploymentPostprocessing = 0;
		};
		08F7E9FE234531C500BD0B86 /* Resources */ = {
			isa = PBXResourcesBuildPhase;
			buildActionMask = 2147483647;
			files = (
			);
			runOnlyForDeploymentPostprocessing = 0;
		};
		08F7EA09234531C500BD0B86 /* Resources */ = {
			isa = PBXResourcesBuildPhase;
			buildActionMask = 2147483647;
			files = (
			);
			runOnlyForDeploymentPostprocessing = 0;
		};
/* End PBXResourcesBuildPhase section */

/* Begin PBXSourcesBuildPhase section */
		08F7E9E3234531C200BD0B86 /* Sources */ = {
			isa = PBXSourcesBuildPhase;
			buildActionMask = 2147483647;
			files = (
				08E344C42352C9BD003951A2 /* App.swift in Sources */,
				08C51699234AA6A00060855E /* Landmark.swift in Sources */,
				08F7E9EB234531C200BD0B86 /* AppDelegate.swift in Sources */,
				08A299672353E85000C76976 /* MultipleSelectionRow.swift in Sources */,
				08C51696234AA33A0060855E /* MapView.swift in Sources */,
				08F7E9ED234531C200BD0B86 /* SceneDelegate.swift in Sources */,
				08F7E9F2234531C200BD0B86 /* LandmarkDetailsPage.swift in Sources */,
				0814CD912352BD5B008646D2 /* UserData.swift in Sources */,
				08A299632353CFDE00C76976 /* GroupList.swift in Sources */,
				0838A5172352F81C003EB994 /* Group.swift in Sources */,
				08A299612353CF4800C76976 /* GroupRow.swift in Sources */,
				08F7E9F0234531C200BD0B86 /* Landmarks.xcdatamodeld in Sources */,
				08E344CC2352DA6A003951A2 /* GroupsPage.swift in Sources */,
				08C51690234AA1BF0060855E /* CircleImage.swift in Sources */,
				08C5169D234AA9040060855E /* Data.swift in Sources */,
				08A299652353E5E500C76976 /* CreateNewGroupView.swift in Sources */,
				08E344C22352C005003951A2 /* Favorite.swift in Sources */,
				0838A5152352F683003EB994 /* GroupCard.swift in Sources */,
				08C5169F234AAA0A0060855E /* LandmarkRow.swift in Sources */,
				08C516A1234AAA800060855E /* LandmarksPage.swift in Sources */,
			);
			runOnlyForDeploymentPostprocessing = 0;
		};
		08F7E9FC234531C500BD0B86 /* Sources */ = {
			isa = PBXSourcesBuildPhase;
			buildActionMask = 2147483647;
			files = (
				08F7EA05234531C500BD0B86 /* LandmarksTests.swift in Sources */,
			);
			runOnlyForDeploymentPostprocessing = 0;
		};
		08F7EA07234531C500BD0B86 /* Sources */ = {
			isa = PBXSourcesBuildPhase;
			buildActionMask = 2147483647;
			files = (
				08F7EA10234531C500BD0B86 /* LandmarksUITests.swift in Sources */,
			);
			runOnlyForDeploymentPostprocessing = 0;
		};
/* End PBXSourcesBuildPhase section */

/* Begin PBXTargetDependency section */
		08F7EA02234531C500BD0B86 /* PBXTargetDependency */ = {
			isa = PBXTargetDependency;
			target = 08F7E9E6234531C200BD0B86 /* Landmarks */;
			targetProxy = 08F7EA01234531C500BD0B86 /* PBXContainerItemProxy */;
		};
		08F7EA0D234531C500BD0B86 /* PBXTargetDependency */ = {
			isa = PBXTargetDependency;
			target = 08F7E9E6234531C200BD0B86 /* Landmarks */;
			targetProxy = 08F7EA0C234531C500BD0B86 /* PBXContainerItemProxy */;
		};
/* End PBXTargetDependency section */

/* Begin PBXVariantGroup section */
		08F7E9F8234531C500BD0B86 /* LaunchScreen.storyboard */ = {
			isa = PBXVariantGroup;
			children = (
				08F7E9F9234531C500BD0B86 /* Base */,
			);
			name = LaunchScreen.storyboard;
			sourceTree = "<group>";
		};
/* End PBXVariantGroup section */

/* Begin XCBuildConfiguration section */
		08F7EA12234531C500BD0B86 /* Debug */ = {
			isa = XCBuildConfiguration;
			buildSettings = {
				ALWAYS_SEARCH_USER_PATHS = NO;
				CLANG_ANALYZER_NONNULL = YES;
				CLANG_ANALYZER_NUMBER_OBJECT_CONVERSION = YES_AGGRESSIVE;
				CLANG_CXX_LANGUAGE_STANDARD = "gnu++14";
				CLANG_CXX_LIBRARY = "libc++";
				CLANG_ENABLE_MODULES = YES;
				CLANG_ENABLE_OBJC_ARC = YES;
				CLANG_ENABLE_OBJC_WEAK = YES;
				CLANG_WARN_BLOCK_CAPTURE_AUTORELEASING = YES;
				CLANG_WARN_BOOL_CONVERSION = YES;
				CLANG_WARN_COMMA = YES;
				CLANG_WARN_CONSTANT_CONVERSION = YES;
				CLANG_WARN_DEPRECATED_OBJC_IMPLEMENTATIONS = YES;
				CLANG_WARN_DIRECT_OBJC_ISA_USAGE = YES_ERROR;
				CLANG_WARN_DOCUMENTATION_COMMENTS = YES;
				CLANG_WARN_EMPTY_BODY = YES;
				CLANG_WARN_ENUM_CONVERSION = YES;
				CLANG_WARN_INFINITE_RECURSION = YES;
				CLANG_WARN_INT_CONVERSION = YES;
				CLANG_WARN_NON_LITERAL_NULL_CONVERSION = YES;
				CLANG_WARN_OBJC_IMPLICIT_RETAIN_SELF = YES;
				CLANG_WARN_OBJC_LITERAL_CONVERSION = YES;
				CLANG_WARN_OBJC_ROOT_CLASS = YES_ERROR;
				CLANG_WARN_RANGE_LOOP_ANALYSIS = YES;
				CLANG_WARN_STRICT_PROTOTYPES = YES;
				CLANG_WARN_SUSPICIOUS_MOVE = YES;
				CLANG_WARN_UNGUARDED_AVAILABILITY = YES_AGGRESSIVE;
				CLANG_WARN_UNREACHABLE_CODE = YES;
				CLANG_WARN__DUPLICATE_METHOD_MATCH = YES;
				COPY_PHASE_STRIP = NO;
				DEBUG_INFORMATION_FORMAT = dwarf;
				ENABLE_STRICT_OBJC_MSGSEND = YES;
				ENABLE_TESTABILITY = YES;
				GCC_C_LANGUAGE_STANDARD = gnu11;
				GCC_DYNAMIC_NO_PIC = NO;
				GCC_NO_COMMON_BLOCKS = YES;
				GCC_OPTIMIZATION_LEVEL = 0;
				GCC_PREPROCESSOR_DEFINITIONS = (
					"DEBUG=1",
					"$(inherited)",
				);
				GCC_WARN_64_TO_32_BIT_CONVERSION = YES;
				GCC_WARN_ABOUT_RETURN_TYPE = YES_ERROR;
				GCC_WARN_UNDECLARED_SELECTOR = YES;
				GCC_WARN_UNINITIALIZED_AUTOS = YES_AGGRESSIVE;
				GCC_WARN_UNUSED_FUNCTION = YES;
				GCC_WARN_UNUSED_VARIABLE = YES;
				IPHONEOS_DEPLOYMENT_TARGET = 13.0;
				MTL_ENABLE_DEBUG_INFO = INCLUDE_SOURCE;
				MTL_FAST_MATH = YES;
				ONLY_ACTIVE_ARCH = YES;
				SDKROOT = iphoneos;
				SWIFT_ACTIVE_COMPILATION_CONDITIONS = DEBUG;
				SWIFT_OPTIMIZATION_LEVEL = "-Onone";
			};
			name = Debug;
		};
		08F7EA13234531C500BD0B86 /* Release */ = {
			isa = XCBuildConfiguration;
			buildSettings = {
				ALWAYS_SEARCH_USER_PATHS = NO;
				CLANG_ANALYZER_NONNULL = YES;
				CLANG_ANALYZER_NUMBER_OBJECT_CONVERSION = YES_AGGRESSIVE;
				CLANG_CXX_LANGUAGE_STANDARD = "gnu++14";
				CLANG_CXX_LIBRARY = "libc++";
				CLANG_ENABLE_MODULES = YES;
				CLANG_ENABLE_OBJC_ARC = YES;
				CLANG_ENABLE_OBJC_WEAK = YES;
				CLANG_WARN_BLOCK_CAPTURE_AUTORELEASING = YES;
				CLANG_WARN_BOOL_CONVERSION = YES;
				CLANG_WARN_COMMA = YES;
				CLANG_WARN_CONSTANT_CONVERSION = YES;
				CLANG_WARN_DEPRECATED_OBJC_IMPLEMENTATIONS = YES;
				CLANG_WARN_DIRECT_OBJC_ISA_USAGE = YES_ERROR;
				CLANG_WARN_DOCUMENTATION_COMMENTS = YES;
				CLANG_WARN_EMPTY_BODY = YES;
				CLANG_WARN_ENUM_CONVERSION = YES;
				CLANG_WARN_INFINITE_RECURSION = YES;
				CLANG_WARN_INT_CONVERSION = YES;
				CLANG_WARN_NON_LITERAL_NULL_CONVERSION = YES;
				CLANG_WARN_OBJC_IMPLICIT_RETAIN_SELF = YES;
				CLANG_WARN_OBJC_LITERAL_CONVERSION = YES;
				CLANG_WARN_OBJC_ROOT_CLASS = YES_ERROR;
				CLANG_WARN_RANGE_LOOP_ANALYSIS = YES;
				CLANG_WARN_STRICT_PROTOTYPES = YES;
				CLANG_WARN_SUSPICIOUS_MOVE = YES;
				CLANG_WARN_UNGUARDED_AVAILABILITY = YES_AGGRESSIVE;
				CLANG_WARN_UNREACHABLE_CODE = YES;
				CLANG_WARN__DUPLICATE_METHOD_MATCH = YES;
				COPY_PHASE_STRIP = NO;
				DEBUG_INFORMATION_FORMAT = "dwarf-with-dsym";
				ENABLE_NS_ASSERTIONS = NO;
				ENABLE_STRICT_OBJC_MSGSEND = YES;
				GCC_C_LANGUAGE_STANDARD = gnu11;
				GCC_NO_COMMON_BLOCKS = YES;
				GCC_WARN_64_TO_32_BIT_CONVERSION = YES;
				GCC_WARN_ABOUT_RETURN_TYPE = YES_ERROR;
				GCC_WARN_UNDECLARED_SELECTOR = YES;
				GCC_WARN_UNINITIALIZED_AUTOS = YES_AGGRESSIVE;
				GCC_WARN_UNUSED_FUNCTION = YES;
				GCC_WARN_UNUSED_VARIABLE = YES;
				IPHONEOS_DEPLOYMENT_TARGET = 13.0;
				MTL_ENABLE_DEBUG_INFO = NO;
				MTL_FAST_MATH = YES;
				SDKROOT = iphoneos;
				SWIFT_COMPILATION_MODE = wholemodule;
				SWIFT_OPTIMIZATION_LEVEL = "-O";
				VALIDATE_PRODUCT = YES;
			};
			name = Release;
		};
		08F7EA15234531C500BD0B86 /* Debug */ = {
			isa = XCBuildConfiguration;
			buildSettings = {
				ASSETCATALOG_COMPILER_APPICON_NAME = AppIcon;
				CODE_SIGN_STYLE = Automatic;
				DEVELOPMENT_ASSET_PATHS = "\"Landmarks/Preview Content\"";
				DEVELOPMENT_TEAM = EQEP73C42H;
				ENABLE_PREVIEWS = YES;
				INFOPLIST_FILE = Landmarks/Info.plist;
				LD_RUNPATH_SEARCH_PATHS = (
					"$(inherited)",
					"@executable_path/Frameworks",
				);
				PRODUCT_BUNDLE_IDENTIFIER = awave.Landmarks;
				PRODUCT_NAME = "$(TARGET_NAME)";
				SWIFT_VERSION = 5.0;
				TARGETED_DEVICE_FAMILY = "1,2";
			};
			name = Debug;
		};
		08F7EA16234531C500BD0B86 /* Release */ = {
			isa = XCBuildConfiguration;
			buildSettings = {
				ASSETCATALOG_COMPILER_APPICON_NAME = AppIcon;
				CODE_SIGN_STYLE = Automatic;
				DEVELOPMENT_ASSET_PATHS = "\"Landmarks/Preview Content\"";
				DEVELOPMENT_TEAM = EQEP73C42H;
				ENABLE_PREVIEWS = YES;
				INFOPLIST_FILE = Landmarks/Info.plist;
				LD_RUNPATH_SEARCH_PATHS = (
					"$(inherited)",
					"@executable_path/Frameworks",
				);
				PRODUCT_BUNDLE_IDENTIFIER = awave.Landmarks;
				PRODUCT_NAME = "$(TARGET_NAME)";
				SWIFT_VERSION = 5.0;
				TARGETED_DEVICE_FAMILY = "1,2";
			};
			name = Release;
		};
		08F7EA18234531C500BD0B86 /* Debug */ = {
			isa = XCBuildConfiguration;
			buildSettings = {
				ALWAYS_EMBED_SWIFT_STANDARD_LIBRARIES = YES;
				BUNDLE_LOADER = "$(TEST_HOST)";
				CODE_SIGN_STYLE = Automatic;
				DEVELOPMENT_TEAM = EQEP73C42H;
				INFOPLIST_FILE = LandmarksTests/Info.plist;
				IPHONEOS_DEPLOYMENT_TARGET = 13.0;
				LD_RUNPATH_SEARCH_PATHS = (
					"$(inherited)",
					"@executable_path/Frameworks",
					"@loader_path/Frameworks",
				);
				PRODUCT_BUNDLE_IDENTIFIER = awave.LandmarksTests;
				PRODUCT_NAME = "$(TARGET_NAME)";
				SWIFT_VERSION = 5.0;
				TARGETED_DEVICE_FAMILY = "1,2";
				TEST_HOST = "$(BUILT_PRODUCTS_DIR)/Landmarks.app/Landmarks";
			};
			name = Debug;
		};
		08F7EA19234531C500BD0B86 /* Release */ = {
			isa = XCBuildConfiguration;
			buildSettings = {
				ALWAYS_EMBED_SWIFT_STANDARD_LIBRARIES = YES;
				BUNDLE_LOADER = "$(TEST_HOST)";
				CODE_SIGN_STYLE = Automatic;
				DEVELOPMENT_TEAM = EQEP73C42H;
				INFOPLIST_FILE = LandmarksTests/Info.plist;
				IPHONEOS_DEPLOYMENT_TARGET = 13.0;
				LD_RUNPATH_SEARCH_PATHS = (
					"$(inherited)",
					"@executable_path/Frameworks",
					"@loader_path/Frameworks",
				);
				PRODUCT_BUNDLE_IDENTIFIER = awave.LandmarksTests;
				PRODUCT_NAME = "$(TARGET_NAME)";
				SWIFT_VERSION = 5.0;
				TARGETED_DEVICE_FAMILY = "1,2";
				TEST_HOST = "$(BUILT_PRODUCTS_DIR)/Landmarks.app/Landmarks";
			};
			name = Release;
		};
		08F7EA1B234531C500BD0B86 /* Debug */ = {
			isa = XCBuildConfiguration;
			buildSettings = {
				ALWAYS_EMBED_SWIFT_STANDARD_LIBRARIES = YES;
				CODE_SIGN_STYLE = Automatic;
				DEVELOPMENT_TEAM = EQEP73C42H;
				INFOPLIST_FILE = LandmarksUITests/Info.plist;
				LD_RUNPATH_SEARCH_PATHS = (
					"$(inherited)",
					"@executable_path/Frameworks",
					"@loader_path/Frameworks",
				);
				PRODUCT_BUNDLE_IDENTIFIER = awave.LandmarksUITests;
				PRODUCT_NAME = "$(TARGET_NAME)";
				SWIFT_VERSION = 5.0;
				TARGETED_DEVICE_FAMILY = "1,2";
				TEST_TARGET_NAME = Landmarks;
			};
			name = Debug;
		};
		08F7EA1C234531C500BD0B86 /* Release */ = {
			isa = XCBuildConfiguration;
			buildSettings = {
				ALWAYS_EMBED_SWIFT_STANDARD_LIBRARIES = YES;
				CODE_SIGN_STYLE = Automatic;
				DEVELOPMENT_TEAM = EQEP73C42H;
				INFOPLIST_FILE = LandmarksUITests/Info.plist;
				LD_RUNPATH_SEARCH_PATHS = (
					"$(inherited)",
					"@executable_path/Frameworks",
					"@loader_path/Frameworks",
				);
				PRODUCT_BUNDLE_IDENTIFIER = awave.LandmarksUITests;
				PRODUCT_NAME = "$(TARGET_NAME)";
				SWIFT_VERSION = 5.0;
				TARGETED_DEVICE_FAMILY = "1,2";
				TEST_TARGET_NAME = Landmarks;
			};
			name = Release;
		};
/* End XCBuildConfiguration section */

/* Begin XCConfigurationList section */
		08F7E9E2234531C200BD0B86 /* Build configuration list for PBXProject "Landmarks" */ = {
			isa = XCConfigurationList;
			buildConfigurations = (
				08F7EA12234531C500BD0B86 /* Debug */,
				08F7EA13234531C500BD0B86 /* Release */,
			);
			defaultConfigurationIsVisible = 0;
			defaultConfigurationName = Release;
		};
		08F7EA14234531C500BD0B86 /* Build configuration list for PBXNativeTarget "Landmarks" */ = {
			isa = XCConfigurationList;
			buildConfigurations = (
				08F7EA15234531C500BD0B86 /* Debug */,
				08F7EA16234531C500BD0B86 /* Release */,
			);
			defaultConfigurationIsVisible = 0;
			defaultConfigurationName = Release;
		};
		08F7EA17234531C500BD0B86 /* Build configuration list for PBXNativeTarget "LandmarksTests" */ = {
			isa = XCConfigurationList;
			buildConfigurations = (
				08F7EA18234531C500BD0B86 /* Debug */,
				08F7EA19234531C500BD0B86 /* Release */,
			);
			defaultConfigurationIsVisible = 0;
			defaultConfigurationName = Release;
		};
		08F7EA1A234531C500BD0B86 /* Build configuration list for PBXNativeTarget "LandmarksUITests" */ = {
			isa = XCConfigurationList;
			buildConfigurations = (
				08F7EA1B234531C500BD0B86 /* Debug */,
				08F7EA1C234531C500BD0B86 /* Release */,
			);
			defaultConfigurationIsVisible = 0;
			defaultConfigurationName = Release;
		};
/* End XCConfigurationList section */

/* Begin XCVersionGroup section */
		08F7E9EE234531C200BD0B86 /* Landmarks.xcdatamodeld */ = {
			isa = XCVersionGroup;
			children = (
				08F7E9EF234531C200BD0B86 /* Landmarks.xcdatamodel */,
			);
			currentVersion = 08F7E9EF234531C200BD0B86 /* Landmarks.xcdatamodel */;
			path = Landmarks.xcdatamodeld;
			sourceTree = "<group>";
			versionGroupType = wrapper.xcdatamodel;
		};
/* End XCVersionGroup section */
	};
	rootObject = 08F7E9DF234531C200BD0B86 /* Project object */;
}
